
Microsoft Visual Studio Solution File, Format Version 12.00
# Visual Studio Version 16
VisualStudioVersion = 16.0.31205.134
MinimumVisualStudioVersion = 10.0.40219.1
Project("{E24C65DC-7377-472B-9ABA-BC803B73C61A}") = "ScheduleSite", "ScheduleSite\", "{7AF549F0-A9C7-404C-82F0-47D74DF128D1}"
	ProjectSection(WebsiteProperties) = preProject
		TargetFrameworkMoniker = ".NETFramework,Version%3Dv4.8"
		ProjectReferences = "{f5bc7124-ba27-4d11-a8ed-f7d0c8d53c8d}|ScheduleItem.dll;"
		Debug.AspNetCompiler.VirtualPath = "/localhost_63733"
		Debug.AspNetCompiler.PhysicalPath = "ScheduleSite\"
		Debug.AspNetCompiler.TargetPath = "PrecompiledWeb\localhost_63733\"
		Debug.AspNetCompiler.Updateable = "true"
		Debug.AspNetCompiler.ForceOverwrite = "true"
		Debug.AspNetCompiler.FixedNames = "false"
		Debug.AspNetCompiler.Debug = "True"
		Release.AspNetCompiler.VirtualPath = "/localhost_63733"
		Release.AspNetCompiler.PhysicalPath = "ScheduleSite\"
		Release.AspNetCompiler.TargetPath = "PrecompiledWeb\localhost_63733\"
		Release.AspNetCompiler.Updateable = "true"
		Release.AspNetCompiler.ForceOverwrite = "true"
		Release.AspNetCompiler.FixedNames = "false"
		Release.AspNetCompiler.Debug = "False"
		VWDPort = "63733"
		SlnRelativePath = "ScheduleSite\"
		DefaultWebSiteLanguage = "Visual C#"
	EndProjectSection
EndProject
Project("{FAE04EC0-301F-11D3-BF4B-00C04F79EFBC}") = "ScheduleItem", "ScheduleItem\ScheduleItem.csproj", "{F5BC7124-BA27-4D11-A8ED-F7D0C8D53C8D}"
EndProject
Global
	GlobalSection(SolutionConfigurationPlatforms) = preSolution
		Debug|Any CPU = Debug|Any CPU
		Release|Any CPU = Release|Any CPU
	EndGlobalSection
	GlobalSection(ProjectConfigurationPlatforms) = postSolution
		{7AF549F0-A9C7-404C-82F0-47D74DF128D1}.Debug|Any CPU.ActiveCfg = Debug|Any CPU
		{7AF549F0-A9C7-404C-82F0-47D74DF128D1}.Debug|Any CPU.Build.0 = Debug|Any CPU
		{7AF549F0-A9C7-404C-82F0-47D74DF128D1}.Release|Any CPU.ActiveCfg = Debug|Any CPU
		{7AF549F0-A9C7-404C-82F0-47D74DF128D1}.Release|Any CPU.Build.0 = Debug|Any CPU
		{F5BC7124-BA27-4D11-A8ED-F7D0C8D53C8D}.Debug|Any CPU.ActiveCfg = Debug|Any CPU
		{F5BC7124-BA27-4D11-A8ED-F7D0C8D53C8D}.Debug|Any CPU.Build.0 = Debug|Any CPU
		{F5BC7124-BA27-4D11-A8ED-F7D0C8D53C8D}.Release|Any CPU.ActiveCfg = Release|Any CPU
		{F5BC7124-BA27-4D11-A8ED-F7D0C8D53C8D}.Release|Any CPU.Build.0 = Release|Any CPU
	EndGlobalSection
	GlobalSection(SolutionProperties) = preSolution
		HideSolutionNode = FALSE
	EndGlobalSection
	GlobalSection(ExtensibilityGlobals) = postSolution
		SolutionGuid = {786FB7F5-109F-430F-96D3-9CCCFFCCC335}
	EndGlobalSection
EndGlobal
